
Microsoft Visual Studio Solution File, Format Version 12.00
# Visual Studio Version 17
VisualStudioVersion = 17.9.34616.47
MinimumVisualStudioVersion = 10.0.40219.1
Project("{FAE04EC0-301F-11D3-BF4B-00C04F79EFBC}") = "Marketplace", "Marketplace\Marketplace.csproj", "{607B458C-2EEF-4638-B62B-32B6C52E5406}"
EndProject
Project("{FAE04EC0-301F-11D3-BF4B-00C04F79EFBC}") = "Marketplace.Context", "Marketplace.Context\Marketplace.Context.csproj", "{129F08C6-D7A5-4E06-9FDB-C474B4AA439E}"
EndProject
Project("{FAE04EC0-301F-11D3-BF4B-00C04F79EFBC}") = "Marketplace.Tests", "Marketplace.Tests\Marketplace.Tests.csproj", "{95AC8BB7-9937-4EE1-8D07-EA33043EDD71}"
EndProject
Global
	GlobalSection(SolutionConfigurationPlatforms) = preSolution
		Debug|Any CPU = Debug|Any CPU
		Release|Any CPU = Release|Any CPU
	EndGlobalSection
	GlobalSection(ProjectConfigurationPlatforms) = postSolution
		{607B458C-2EEF-4638-B62B-32B6C52E5406}.Debug|Any CPU.ActiveCfg = Debug|Any CPU
		{607B458C-2EEF-4638-B62B-32B6C52E5406}.Debug|Any CPU.Build.0 = Debug|Any CPU
		{607B458C-2EEF-4638-B62B-32B6C52E5406}.Release|Any CPU.ActiveCfg = Release|Any CPU
		{607B458C-2EEF-4638-B62B-32B6C52E5406}.Release|Any CPU.Build.0 = Release|Any CPU
		{129F08C6-D7A5-4E06-9FDB-C474B4AA439E}.Debug|Any CPU.ActiveCfg = Debug|Any CPU
		{129F08C6-D7A5-4E06-9FDB-C474B4AA439E}.Debug|Any CPU.Build.0 = Debug|Any CPU
		{129F08C6-D7A5-4E06-9FDB-C474B4AA439E}.Release|Any CPU.ActiveCfg = Release|Any CPU
		{129F08C6-D7A5-4E06-9FDB-C474B4AA439E}.Release|Any CPU.Build.0 = Release|Any CPU
		{95AC8BB7-9937-4EE1-8D07-EA33043EDD71}.Debug|Any CPU.ActiveCfg = Debug|Any CPU
		{95AC8BB7-9937-4EE1-8D07-EA33043EDD71}.Debug|Any CPU.Build.0 = Debug|Any CPU
		{95AC8BB7-9937-4EE1-8D07-EA33043EDD71}.Release|Any CPU.ActiveCfg = Release|Any CPU
		{95AC8BB7-9937-4EE1-8D07-EA33043EDD71}.Release|Any CPU.Build.0 = Release|Any CPU
	EndGlobalSection
	GlobalSection(SolutionProperties) = preSolution
		HideSolutionNode = FALSE
	EndGlobalSection
	GlobalSection(ExtensibilityGlobals) = postSolution
		SolutionGuid = {BBE348CF-089B-4EDF-AB8D-D547DB38B8BC}
	EndGlobalSection
EndGlobal
